{
  "name": "code-backend",
  "version": "1.0.0",
  "lockfileVersion": 2,
  "requires": true,
  "packages": {
    "": {
      "name": "code-backend",
      "version": "1.0.0",
      "dependencies": {
        "dotenv": "^16.0.3",
        "express": "^4.18.2",
        "cors": "^2.8.5"
      }
    },
    "node_modules/dotenv": {
      "version": "16.0.3",
      "resolved": "https://registry.npmjs.org/dotenv/-/dotenv-16.0.3.tgz",
      "integrity": "sha512-+jBUaEOoIYqQ7X8z4H5eQk2uVXKlcvpDcGR5ej6A1CLYwz7IsZLRU+v4SABYB8qedTWAZZRhC2n8VOwAdkUWyA=="
    },
    "node_modules/express": {
      "version": "4.18.2",
      "resolved": "https://registry.npmjs.org/express/-/express-4.18.2.tgz",
      "integrity": "sha512-5/PsLJyy6ToZyO03UOd9X0pOYLaB+rDbW5JHKZ3WliGL1hrZQLK1mSTpUVj0lv5YbJcblxkZtFItMxOEp+JrVg=="
    },
    "node_modules/cors": {
      "version": "2.8.5",
      "resolved": "https://registry.npmjs.org/cors/-/cors-2.8.5.tgz",
      "integrity": "sha512-VvQdTgYb3jv9R6UhfN+5Y3UzhDXzMHUI35TOcH6oJrdOrH5OArFfE3VZpdpJME6FgIwhCzKXQoQFfXu5g+UanA=="
    }
  },
  "dependencies": {
    "dotenv": {
      "version": "16.0.3",
      "resolved": "https://registry.npmjs.org/dotenv/-/dotenv-16.0.3.tgz",
      "integrity": "sha512-+jBUaEOoIYqQ7X8z4H5eQk2uVXKlcvpDcGR5ej6A1CLYwz7IsZLRU+v4SABYB8qedTWAZZRhC2n8VOwAdkUWyA=="
    },
    "express": {
      "version": "4.18.2",
      "resolved": "https://registry.npmjs.org/express/-/express-4.18.2.tgz",
      "integrity": "sha512-5/PsLJyy6ToZyO03UOd9X0pOYLaB+rDbW5JHKZ3WliGL1hrZQLK1mSTpUVj0lv5YbJcblxkZtFItMxOEp+JrVg=="
    },
    "cors": {
      "version": "2.8.5",
      "resolved": "https://registry.npmjs.org/cors/-/cors-2.8.5.tgz",
      "integrity": "sha512-VvQdTgYb3jv9R6UhfN+5Y3UzhDXzMHUI35TOcH6oJrdOrH5OArFfE3VZpdpJME6FgIwhCzKXQoQFfXu5g+UanA=="
    }
  }
}